
Microsoft Visual Studio Solution File, Format Version 12.00
# Visual Studio Version 17
VisualStudioVersion = 17.4.33122.133
MinimumVisualStudioVersion = 10.0.40219.1
Project("{FAE04EC0-301F-11D3-BF4B-00C04F79EFBC}") = "client", "client.csproj", "{55A868EB-5264-4F41-8E69-4552C14C695E}"
EndProject
Global
	GlobalSection(SolutionConfigurationPlatforms) = preSolution
		Debug|Any CPU = Debug|Any CPU
		Release|Any CPU = Release|Any CPU
	EndGlobalSection
	GlobalSection(ProjectConfigurationPlatforms) = postSolution
		{55A868EB-5264-4F41-8E69-4552C14C695E}.Debug|Any CPU.ActiveCfg = Debug|Any CPU
		{55A868EB-5264-4F41-8E69-4552C14C695E}.Debug|Any CPU.Build.0 = Debug|Any CPU
		{55A868EB-5264-4F41-8E69-4552C14C695E}.Release|Any CPU.ActiveCfg = Release|Any CPU
		{55A868EB-5264-4F41-8E69-4552C14C695E}.Release|Any CPU.Build.0 = Release|Any CPU
	EndGlobalSection
	GlobalSection(SolutionProperties) = preSolution
		HideSolutionNode = FALSE
	EndGlobalSection
	GlobalSection(ExtensibilityGlobals) = postSolution
		SolutionGuid = {CFBA709A-4C5E-4E16-A589-1A8B8C1C5352}
	EndGlobalSection
EndGlobal
